
Microsoft Visual Studio Solution File, Format Version 12.00
# Visual Studio 14
VisualStudioVersion = 14.0.25123.0
MinimumVisualStudioVersion = 10.0.40219.1
Project("{FAE04EC0-301F-11D3-BF4B-00C04F79EFBC}") = "NoruST", "NoruST\NoruST.csproj", "{63DF83C7-BBB8-47CE-9A17-D99653CE44FB}"
EndProject
Global
	GlobalSection(SolutionConfigurationPlatforms) = preSolution
		CD_ROM|Any CPU = CD_ROM|Any CPU
		Debug|Any CPU = Debug|Any CPU
		DVD-5|Any CPU = DVD-5|Any CPU
		Release|Any CPU = Release|Any CPU
		SingleImage|Any CPU = SingleImage|Any CPU
	EndGlobalSection
	GlobalSection(ProjectConfigurationPlatforms) = postSolution
		{63DF83C7-BBB8-47CE-9A17-D99653CE44FB}.CD_ROM|Any CPU.ActiveCfg = Release|Any CPU
		{63DF83C7-BBB8-47CE-9A17-D99653CE44FB}.CD_ROM|Any CPU.Build.0 = Release|Any CPU
		{63DF83C7-BBB8-47CE-9A17-D99653CE44FB}.Debug|Any CPU.ActiveCfg = Debug|Any CPU
		{63DF83C7-BBB8-47CE-9A17-D99653CE44FB}.Debug|Any CPU.Build.0 = Debug|Any CPU
		{63DF83C7-BBB8-47CE-9A17-D99653CE44FB}.DVD-5|Any CPU.ActiveCfg = Debug|Any CPU
		{63DF83C7-BBB8-47CE-9A17-D99653CE44FB}.DVD-5|Any CPU.Build.0 = Debug|Any CPU
		{63DF83C7-BBB8-47CE-9A17-D99653CE44FB}.Release|Any CPU.ActiveCfg = Release|Any CPU
		{63DF83C7-BBB8-47CE-9A17-D99653CE44FB}.Release|Any CPU.Build.0 = Release|Any CPU
		{63DF83C7-BBB8-47CE-9A17-D99653CE44FB}.SingleImage|Any CPU.ActiveCfg = Release|Any CPU
		{63DF83C7-BBB8-47CE-9A17-D99653CE44FB}.SingleImage|Any CPU.Build.0 = Release|Any CPU
	EndGlobalSection
	GlobalSection(SolutionProperties) = preSolution
		HideSolutionNode = FALSE
	EndGlobalSection
EndGlobal
